<?xml version="1.0" encoding="utf-8"?>
<Project ToolsVersion="4.0" xmlns="http://schemas.microsoft.com/developer/msbuild/2003">
  <ItemGroup>
    <Filter Include="Source Files">
      <UniqueIdentifier>{4FC737F1-C7A5-4376-A066-2A32D752A2FF}</UniqueIdentifier>
      <Extensions>cpp;c;cc;cxx;c++;cppm;ixx;def;odl;idl;hpj;bat;asm;asmx</Extensions>
    </Filter>
    <Filter Include="Header Files">
      <UniqueIdentifier>{93995380-89BD-4b04-88EB-625FBE52EBFB}</UniqueIdentifier>
      <Extensions>h;hh;hpp;hxx;h++;hm;inl;inc;ipp;xsd</Extensions>
    </Filter>
    <Filter Include="Resource Files">
      <UniqueIdentifier>{67DA6AB6-F800-4c08-8B7A-83BB121AAD01}</UniqueIdentifier>
      <Extensions>rc;ico;cur;bmp;dlg;rc2;rct;bin;rgs;gif;jpg;jpeg;jpe;resx;tiff;tif;png;wav;mfcribbon-ms</Extensions>
    </Filter>
  </ItemGroup>
  <ItemGroup>
    <ClCompile Include="tools\common.cpp">
      <Filter>Source Files</Filter>
    </ClCompile>
    <ClCompile Include="tools\fonts.cpp">
      <Filter>Source Files</Filter>
    </ClCompile>
    <ClCompile Include="tools\image.cpp">
      <Filter>Source Files</Filter>
    </ClCompile>
    <ClCompile Include="main.cpp">
      <Filter>Source Files</Filter>
    </ClCompile>
    <ClCompile Include="assets\moveable.cpp">
      <Filter>Source Files</Filter>
    </ClCompile>
    <ClCompile Include="tools\render.cpp">
      <Filter>Source Files</Filter>
    </ClCompile>
    <ClCompile Include="assets\text.cpp">
      <Filter>Source Files</Filter>
    </ClCompile>
    <ClCompile Include="tools\loader.cpp">
      <Filter>Source Files</Filter>
    </ClCompile>
    <ClCompile Include="game.cpp">
      <Filter>Source Files</Filter>
    </ClCompile>
    <ClCompile Include="tools\console.cpp">
      <Filter>Source Files</Filter>
    </ClCompile>
    <ClCompile Include="io\keyboard.cpp">
      <Filter>Source Files</Filter>
    </ClCompile>
    <ClCompile Include="io\mouse.cpp">
      <Filter>Source Files</Filter>
    </ClCompile>
    <ClCompile Include="tools\text_renderer.cpp">
      <Filter>Source Files</Filter>
    </ClCompile>
    <ClCompile Include="assets\player.cpp">
      <Filter>Source Files</Filter>
    </ClCompile>
    <ClCompile Include="game_sidescroller.cpp">
      <Filter>Source Files</Filter>
    </ClCompile>
    <ClCompile Include="game_rts.cpp">
      <Filter>Source Files</Filter>
    </ClCompile>
    <ClCompile Include="tools\ui_manager.cpp">
      <Filter>Source Files</Filter>
    </ClCompile>
    <ClCompile Include="io\audio.cpp">
      <Filter>Source Files</Filter>
    </ClCompile>
    <ClCompile Include="assets\nation.cpp">
      <Filter>Source Files</Filter>
    </ClCompile>
    <ClCompile Include="assets\unit.cpp">
      <Filter>Source Files</Filter>
    </ClCompile>
    <ClCompile Include="assets\colour.cpp">
      <Filter>Source Files</Filter>
    </ClCompile>
    <ClCompile Include="assets\province.cpp">
      <Filter>Source Files</Filter>
    </ClCompile>
    <ClCompile Include="assets\panel.cpp">
      <Filter>Source Files</Filter>
    </ClCompile>
  </ItemGroup>
  <ItemGroup>
    <ClInclude Include="assets\colour.h">
      <Filter>Header Files</Filter>
    </ClInclude>
    <ClInclude Include="tools\common.h">
      <Filter>Header Files</Filter>
    </ClInclude>
    <ClInclude Include="tools\fonts.h">
      <Filter>Header Files</Filter>
    </ClInclude>
    <ClInclude Include="tools\image.h">
      <Filter>Header Files</Filter>
    </ClInclude>
    <ClInclude Include="assets\moveable.h">
      <Filter>Header Files</Filter>
    </ClInclude>
    <ClInclude Include="tools\render.h">
      <Filter>Header Files</Filter>
    </ClInclude>
    <ClInclude Include="assets\text.h">
      <Filter>Header Files</Filter>
    </ClInclude>
    <ClInclude Include="tools\loader.h">
      <Filter>Header Files</Filter>
    </ClInclude>
    <ClInclude Include="assets\collidable.h">
      <Filter>Header Files</Filter>
    </ClInclude>
    <ClInclude Include="game.h">
      <Filter>Header Files</Filter>
    </ClInclude>
    <ClInclude Include="tools\console.h">
      <Filter>Header Files</Filter>
    </ClInclude>
    <ClInclude Include="assets\province.h">
      <Filter>Header Files</Filter>
    </ClInclude>
    <ClInclude Include="assets\unit.h">
      <Filter>Header Files</Filter>
    </ClInclude>
    <ClInclude Include="assets\nation.h">
      <Filter>Header Files</Filter>
    </ClInclude>
    <ClInclude Include="io\keyboard.h">
      <Filter>Header Files</Filter>
    </ClInclude>
    <ClInclude Include="io\mouse.h">
      <Filter>Header Files</Filter>
    </ClInclude>
    <ClInclude Include="assets\panel.h">
      <Filter>Header Files</Filter>
    </ClInclude>
    <ClInclude Include="tools\text_renderer.h">
      <Filter>Header Files</Filter>
    </ClInclude>
    <ClInclude Include="assets\particle_group.h">
      <Filter>Header Files</Filter>
    </ClInclude>
    <ClInclude Include="assets\player.h">
      <Filter>Header Files</Filter>
    </ClInclude>
    <ClInclude Include="game_sidescroller.h">
      <Filter>Header Files</Filter>
    </ClInclude>
    <ClInclude Include="game_rts.h">
      <Filter>Header Files</Filter>
    </ClInclude>
    <ClInclude Include="tools\ui_manager.h">
      <Filter>Header Files</Filter>
    </ClInclude>
    <ClInclude Include="assets\text_entry.h">
      <Filter>Header Files</Filter>
    </ClInclude>
    <ClInclude Include="io\audio.h">
      <Filter>Header Files</Filter>
    </ClInclude>
  </ItemGroup>
  <ItemGroup>
    <None Include="shaders\text.frag" />
    <None Include="shaders\text.vert" />
    <None Include="data\gen_neighbours.py" />
    <None Include="shaders\textured.frag" />
    <None Include="shaders\textured.vert" />
    <None Include="shaders\coloured.vert" />
    <None Include="shaders\coloured.frag" />
    <None Include="data\levels\rts\00-provinces.json" />
    <None Include="data\levels\rts\01-units.json" />
    <None Include="data\levels\rts\02-nations.json" />
    <None Include="data\levels\rts\config.json" />
    <None Include="data\levels\debug\0.json" />
    <None Include="data\levels\level_example.json" />
    <None Include="data\levels\ui\00-ui-tooltip-province.json" />
    <None Include="data\levels\ui\01-ui-tooltip-nation.json" />
    <None Include="data\levels\ui\02-ui-tooltip-unit.json" />
    <None Include="data\levels\ui\03-ui-menu-pause.json" />
    <None Include="data\levels\ui\04-ui-debug-buttons.json" />
    <None Include="data\levels\sidescroller\alternate-00.json" />
    <None Include="data\levels\sidescroller\00.json" />
    <None Include="data\levels\sidescroller\01.json" />
    <None Include="data\levels\sidescroller\02.json" />
    <None Include="data\levels\sidescroller\03.json" />
    <None Include="data\levels\sidescroller\04.json" />
    <None Include="data\levels\sidescroller\05.json" />
    <None Include="data\levels\sidescroller\06.json" />
    <None Include="data\levels\sidescroller\07.json" />
    <None Include="data\levels\sidescroller\08.json" />
    <None Include="data\levels\sidescroller\09.json" />
    <None Include="data\levels\ui\05-ui-war-indicator.json" />
    <None Include="data\levels\ui\06-ui-war-declaration.json" />
    <None Include="data\levels\ui\07-ui-event-choice.json" />
    <None Include="data\tutorial\adding_new_provinces.md" />
    <None Include="data\tutorial\controls.md" />
    <None Include=".gitignore" />
    <None Include="data\levels\ui\08-ui-hire-unit.json" />
    <None Include="data\level_designer.py" />
    <None Include="data\tutorial\designing_ui_files.md" />
    <None Include="data\levels\ui\09-ui-information-header.json" />
    <None Include="data\levels\ui\10-ui-battle-unit.json" />
  </ItemGroup>
  <ItemGroup>
    <Image Include="data\images\coin.png">
      <Filter>Resource Files</Filter>
    </Image>
    <Image Include="data\images\diplomacy.png">
      <Filter>Resource Files</Filter>
    </Image>
    <Image Include="data\images\map.png">
      <Filter>Resource Files</Filter>
    </Image>
    <Image Include="data\images\map_blue.png">
      <Filter>Resource Files</Filter>
    </Image>
    <Image Include="data\images\map_white.png">
      <Filter>Resource Files</Filter>
    </Image>
    <Image Include="data\images\panel.png">
      <Filter>Resource Files</Filter>
    </Image>
    <Image Include="data\images\province.png">
      <Filter>Resource Files</Filter>
    </Image>
    <Image Include="data\images\siege_lines.png">
      <Filter>Resource Files</Filter>
    </Image>
    <Image Include="data\images\unit.png">
      <Filter>Resource Files</Filter>
    </Image>
    <Image Include="data\images\unit_thick.png">
      <Filter>Resource Files</Filter>
    </Image>
    <Image Include="data\images\war.png">
      <Filter>Resource Files</Filter>
    </Image>
    <Image Include="data\world_map.bmp">
      <Filter>Resource Files</Filter>
    </Image>
    <Image Include="data\generated\5_province.png">
      <Filter>Resource Files</Filter>
    </Image>
    <Image Include="data\generated\6_province.png">
      <Filter>Resource Files</Filter>
    </Image>
    <Image Include="data\generated\7_province.png">
      <Filter>Resource Files</Filter>
    </Image>
    <Image Include="data\generated\8_province.png">
      <Filter>Resource Files</Filter>
    </Image>
    <Image Include="data\generated\9_province.png">
      <Filter>Resource Files</Filter>
    </Image>
    <Image Include="data\generated\10_province.png">
      <Filter>Resource Files</Filter>
    </Image>
    <Image Include="data\generated\11_province.png">
      <Filter>Resource Files</Filter>
    </Image>
    <Image Include="data\generated\12_province.png">
      <Filter>Resource Files</Filter>
    </Image>
    <Image Include="data\generated\13_province.png">
      <Filter>Resource Files</Filter>
    </Image>
    <Image Include="data\generated\14_province.png">
      <Filter>Resource Files</Filter>
    </Image>
    <Image Include="data\generated\15_province.png">
      <Filter>Resource Files</Filter>
    </Image>
    <Image Include="data\generated\16_province.png">
      <Filter>Resource Files</Filter>
    </Image>
    <Image Include="data\generated\17_province.png">
      <Filter>Resource Files</Filter>
    </Image>
    <Image Include="data\generated\18_province.png">
      <Filter>Resource Files</Filter>
    </Image>
    <Image Include="data\generated\19_province.png">
      <Filter>Resource Files</Filter>
    </Image>
    <Image Include="data\generated\20_province.png">
      <Filter>Resource Files</Filter>
    </Image>
    <Image Include="data\generated\21_province.png">
      <Filter>Resource Files</Filter>
    </Image>
    <Image Include="data\generated\22_province.png">
      <Filter>Resource Files</Filter>
    </Image>
    <Image Include="data\generated\23_province.png">
      <Filter>Resource Files</Filter>
    </Image>
    <Image Include="data\generated\24_province.png">
      <Filter>Resource Files</Filter>
    </Image>
    <Image Include="data\generated\25_province.png">
      <Filter>Resource Files</Filter>
    </Image>
    <Image Include="data\generated\26_province.png">
      <Filter>Resource Files</Filter>
    </Image>
    <Image Include="data\generated\27_province.png">
      <Filter>Resource Files</Filter>
    </Image>
    <Image Include="data\generated\28_province.png">
      <Filter>Resource Files</Filter>
    </Image>
    <Image Include="data\generated\29_province.png">
      <Filter>Resource Files</Filter>
    </Image>
    <Image Include="data\generated\30_province.png">
      <Filter>Resource Files</Filter>
    </Image>
    <Image Include="data\generated\31_province.png">
      <Filter>Resource Files</Filter>
    </Image>
    <Image Include="data\generated\32_province.png">
      <Filter>Resource Files</Filter>
    </Image>
    <Image Include="data\generated\33_province.png">
      <Filter>Resource Files</Filter>
    </Image>
    <Image Include="data\generated\34_province.png">
      <Filter>Resource Files</Filter>
    </Image>
    <Image Include="data\generated\35_province.png">
      <Filter>Resource Files</Filter>
    </Image>
    <Image Include="data\generated\36_province.png">
      <Filter>Resource Files</Filter>
    </Image>
    <Image Include="data\generated\37_province.png">
      <Filter>Resource Files</Filter>
    </Image>
    <Image Include="data\generated\38_province.png">
      <Filter>Resource Files</Filter>
    </Image>
    <Image Include="data\generated\39_province.png">
      <Filter>Resource Files</Filter>
    </Image>
    <Image Include="data\generated\40_province.png">
      <Filter>Resource Files</Filter>
    </Image>
    <Image Include="data\generated\41_province.png">
      <Filter>Resource Files</Filter>
    </Image>
    <Image Include="data\generated\42_province.png">
      <Filter>Resource Files</Filter>
    </Image>
    <Image Include="data\generated\43_province.png">
      <Filter>Resource Files</Filter>
    </Image>
    <Image Include="data\generated\44_province.png">
      <Filter>Resource Files</Filter>
    </Image>
    <Image Include="data\generated\45_province.png">
      <Filter>Resource Files</Filter>
    </Image>
    <Image Include="data\generated\4_province.png">
      <Filter>Resource Files</Filter>
    </Image>
    <Image Include="data\images\pause.png">
      <Filter>Resource Files</Filter>
    </Image>
    <Image Include="data\images\cursor.png">
      <Filter>Resource Files</Filter>
    </Image>
  </ItemGroup>
  <ItemGroup>
    <Text Include="data\scripts\bounce.txt" />
    <Text Include="data\scripts\slide.txt" />
    <Text Include="data\scripts\switcher.txt" />
    <Text Include="data\province_colours.txt" />
    <Text Include="data\generated\province_dimensions.txt" />
    <Text Include="data\generated\province_neighbours.txt" />
  </ItemGroup>
  <ItemGroup>
    <Xml Include="data\levels\ui\test-06-alternate-formatting.xml" />
  </ItemGroup>
  <ItemGroup>
    <Media Include="data\click.wav">
      <Filter>Resource Files</Filter>
    </Media>
  </ItemGroup>
</Project>