<?xml version="1.0" encoding="utf-8"?>
<Project ToolsVersion="4.0" xmlns="http://schemas.microsoft.com/developer/msbuild/2003">
  <ItemGroup>
    <Filter Include="Source Files">
      <UniqueIdentifier>{4FC737F1-C7A5-4376-A066-2A32D752A2FF}</UniqueIdentifier>
      <Extensions>cpp;c;cc;cxx;c++;cppm;ixx;def;odl;idl;hpj;bat;asm;asmx</Extensions>
    </Filter>
    <Filter Include="Header Files">
      <UniqueIdentifier>{93995380-89BD-4b04-88EB-625FBE52EBFB}</UniqueIdentifier>
      <Extensions>h;hh;hpp;hxx;h++;hm;inl;inc;ipp;xsd</Extensions>
    </Filter>
    <Filter Include="Resource Files">
      <UniqueIdentifier>{67DA6AB6-F800-4c08-8B7A-83BB121AAD01}</UniqueIdentifier>
      <Extensions>rc;ico;cur;bmp;dlg;rc2;rct;bin;rgs;gif;jpg;jpeg;jpe;resx;tiff;tif;png;wav;mfcribbon-ms</Extensions>
    </Filter>
  </ItemGroup>
  <ItemGroup>
    <ClCompile Include="assets\collidable.cpp">
      <Filter>Source Files</Filter>
    </ClCompile>
    <ClCompile Include="assets\enemy.cpp">
      <Filter>Source Files</Filter>
    </ClCompile>
    <ClCompile Include="assets\moveable.cpp">
      <Filter>Source Files</Filter>
    </ClCompile>
    <ClCompile Include="assets\planet.cpp">
      <Filter>Source Files</Filter>
    </ClCompile>
    <ClCompile Include="assets\player.cpp">
      <Filter>Source Files</Filter>
    </ClCompile>
    <ClCompile Include="assets\text.cpp">
      <Filter>Source Files</Filter>
    </ClCompile>
    <ClCompile Include="effects\fire.cpp">
      <Filter>Source Files</Filter>
    </ClCompile>
    <ClCompile Include="effects\ice.cpp">
      <Filter>Source Files</Filter>
    </ClCompile>
    <ClCompile Include="effects\stars.cpp">
      <Filter>Source Files</Filter>
    </ClCompile>
    <ClCompile Include="io\gamepad.cpp">
      <Filter>Source Files</Filter>
    </ClCompile>
    <ClCompile Include="io\keyboard.cpp">
      <Filter>Source Files</Filter>
    </ClCompile>
    <ClCompile Include="io\mouse.cpp">
      <Filter>Source Files</Filter>
    </ClCompile>
    <ClCompile Include="shapes\circle.cpp">
      <Filter>Source Files</Filter>
    </ClCompile>
    <ClCompile Include="shapes\square.cpp">
      <Filter>Source Files</Filter>
    </ClCompile>
    <ClCompile Include="tools\colour.cpp">
      <Filter>Source Files</Filter>
    </ClCompile>
    <ClCompile Include="tools\common.cpp">
      <Filter>Source Files</Filter>
    </ClCompile>
    <ClCompile Include="tools\console.cpp">
      <Filter>Source Files</Filter>
    </ClCompile>
    <ClCompile Include="tools\fonts.cpp">
      <Filter>Source Files</Filter>
    </ClCompile>
    <ClCompile Include="tools\image.cpp">
      <Filter>Source Files</Filter>
    </ClCompile>
    <ClCompile Include="tools\loader.cpp">
      <Filter>Source Files</Filter>
    </ClCompile>
    <ClCompile Include="tools\render.cpp">
      <Filter>Source Files</Filter>
    </ClCompile>
    <ClCompile Include="tools\render2.cpp">
      <Filter>Source Files</Filter>
    </ClCompile>
    <ClCompile Include="tools\TextRenderer.cpp">
      <Filter>Source Files</Filter>
    </ClCompile>
    <ClCompile Include="game.cpp">
      <Filter>Source Files</Filter>
    </ClCompile>
    <ClCompile Include="main.cpp">
      <Filter>Source Files</Filter>
    </ClCompile>
    <ClCompile Include="assets\moveable_new.cpp">
      <Filter>Source Files</Filter>
    </ClCompile>
    <ClCompile Include="tools\render_new.cpp">
      <Filter>Source Files</Filter>
    </ClCompile>
    <ClCompile Include="shapes\circle_new.cpp">
      <Filter>Source Files</Filter>
    </ClCompile>
    <ClCompile Include="assets\text_new.cpp">
      <Filter>Source Files</Filter>
    </ClCompile>
    <ClCompile Include="tools\loader_new.cpp">
      <Filter>Source Files</Filter>
    </ClCompile>
    <ClCompile Include="assets\collidable_new.cpp">
      <Filter>Source Files</Filter>
    </ClCompile>
    <ClCompile Include="game_new.cpp">
      <Filter>Source Files</Filter>
    </ClCompile>
    <ClCompile Include="tools\console_new.cpp">
      <Filter>Source Files</Filter>
    </ClCompile>
  </ItemGroup>
  <ItemGroup>
    <ClInclude Include="defs\colour.h">
      <Filter>Header Files</Filter>
    </ClInclude>
    <ClInclude Include="defs\nation.h">
      <Filter>Header Files</Filter>
    </ClInclude>
    <ClInclude Include="defs\province.h">
      <Filter>Header Files</Filter>
    </ClInclude>
    <ClInclude Include="defs\unit.h">
      <Filter>Header Files</Filter>
    </ClInclude>
    <ClInclude Include="include\GLFW\glfw3.h">
      <Filter>Header Files</Filter>
    </ClInclude>
    <ClInclude Include="assets\collidable.h">
      <Filter>Header Files</Filter>
    </ClInclude>
    <ClInclude Include="assets\enemy.h">
      <Filter>Header Files</Filter>
    </ClInclude>
    <ClInclude Include="assets\moveable.h">
      <Filter>Header Files</Filter>
    </ClInclude>
    <ClInclude Include="assets\planet.h">
      <Filter>Header Files</Filter>
    </ClInclude>
    <ClInclude Include="assets\player.h">
      <Filter>Header Files</Filter>
    </ClInclude>
    <ClInclude Include="assets\text.h">
      <Filter>Header Files</Filter>
    </ClInclude>
    <ClInclude Include="effects\fire.h">
      <Filter>Header Files</Filter>
    </ClInclude>
    <ClInclude Include="effects\ice.h">
      <Filter>Header Files</Filter>
    </ClInclude>
    <ClInclude Include="effects\stars.h">
      <Filter>Header Files</Filter>
    </ClInclude>
    <ClInclude Include="io\gamepad.h">
      <Filter>Header Files</Filter>
    </ClInclude>
    <ClInclude Include="io\keyboard.h">
      <Filter>Header Files</Filter>
    </ClInclude>
    <ClInclude Include="io\mouse.h">
      <Filter>Header Files</Filter>
    </ClInclude>
    <ClInclude Include="shapes\circle.h">
      <Filter>Header Files</Filter>
    </ClInclude>
    <ClInclude Include="shapes\square.h">
      <Filter>Header Files</Filter>
    </ClInclude>
    <ClInclude Include="tools\colour.h">
      <Filter>Header Files</Filter>
    </ClInclude>
    <ClInclude Include="tools\common.h">
      <Filter>Header Files</Filter>
    </ClInclude>
    <ClInclude Include="tools\console.h">
      <Filter>Header Files</Filter>
    </ClInclude>
    <ClInclude Include="tools\fonts.h">
      <Filter>Header Files</Filter>
    </ClInclude>
    <ClInclude Include="tools\image.h">
      <Filter>Header Files</Filter>
    </ClInclude>
    <ClInclude Include="tools\loader.h">
      <Filter>Header Files</Filter>
    </ClInclude>
    <ClInclude Include="tools\render.h">
      <Filter>Header Files</Filter>
    </ClInclude>
    <ClInclude Include="tools\stb_image.h">
      <Filter>Header Files</Filter>
    </ClInclude>
    <ClInclude Include="tools\structs.h">
      <Filter>Header Files</Filter>
    </ClInclude>
    <ClInclude Include="tools\TextRenderer.hpp">
      <Filter>Header Files</Filter>
    </ClInclude>
    <ClInclude Include="game.h">
      <Filter>Header Files</Filter>
    </ClInclude>
    <ClInclude Include="defs\object.h">
      <Filter>Header Files</Filter>
    </ClInclude>
    <ClInclude Include="defs\province_mv.h">
      <Filter>Header Files</Filter>
    </ClInclude>
    <ClInclude Include="include\stb_image.h">
      <Filter>Header Files</Filter>
    </ClInclude>
    <ClInclude Include="include\stb_image_write.h">
      <Filter>Header Files</Filter>
    </ClInclude>
    <ClInclude Include="assets\moveable_new.h">
      <Filter>Header Files</Filter>
    </ClInclude>
    <ClInclude Include="tools\render_new.h">
      <Filter>Header Files</Filter>
    </ClInclude>
    <ClInclude Include="shapes\circle_new.h">
      <Filter>Header Files</Filter>
    </ClInclude>
    <ClInclude Include="assets\text_new.h">
      <Filter>Header Files</Filter>
    </ClInclude>
    <ClInclude Include="tools\loader_new.h">
      <Filter>Header Files</Filter>
    </ClInclude>
    <ClInclude Include="assets\collidable_new.h">
      <Filter>Header Files</Filter>
    </ClInclude>
    <ClInclude Include="game_new.h">
      <Filter>Header Files</Filter>
    </ClInclude>
    <ClInclude Include="tools\console_new.h">
      <Filter>Header Files</Filter>
    </ClInclude>
    <ClInclude Include="defs\province_new.h">
      <Filter>Header Files</Filter>
    </ClInclude>
    <ClInclude Include="defs\unit_new.h">
      <Filter>Header Files</Filter>
    </ClInclude>
    <ClInclude Include="defs\nation_new.h">
      <Filter>Header Files</Filter>
    </ClInclude>
  </ItemGroup>
  <ItemGroup>
    <None Include="gen_neighbours.py" />
  </ItemGroup>
</Project>